// !$*UTF8*$!
{
	archiveVersion = 1;
	classes = {
	};
	objectVersion = 56;
	objects = {

/* Begin PBXBuildFile section */
		000599A629FE371900E8E223 /* SettingViewModel.swift in Sources */ = {isa = PBXBuildFile; fileRef = 000599A529FE371900E8E223 /* SettingViewModel.swift */; };
		000599A829FE420C00E8E223 /* SettingCell.swift in Sources */ = {isa = PBXBuildFile; fileRef = 000599A729FE420C00E8E223 /* SettingCell.swift */; };
		000599AA29FE421C00E8E223 /* SupportCell.swift in Sources */ = {isa = PBXBuildFile; fileRef = 000599A929FE421C00E8E223 /* SupportCell.swift */; };
		0027000C29F71C7E007DF84F /* AddDateViewModel.swift in Sources */ = {isa = PBXBuildFile; fileRef = 0027000B29F71C7E007DF84F /* AddDateViewModel.swift */; };
		00372C9829F98BC7002284E8 /* AllQuoteTableViewCell.swift in Sources */ = {isa = PBXBuildFile; fileRef = 00372C9729F98BC7002284E8 /* AllQuoteTableViewCell.swift */; };
		00372C9A29F9914D002284E8 /* AllQuoteViewModel.swift in Sources */ = {isa = PBXBuildFile; fileRef = 00372C9929F9914D002284E8 /* AllQuoteViewModel.swift */; };
		0050205529F3C78800D88281 /* Quote.swift in Sources */ = {isa = PBXBuildFile; fileRef = 0050205429F3C78800D88281 /* Quote.swift */; };
		0050205929F3C7D200D88281 /* HomeViewModel.swift in Sources */ = {isa = PBXBuildFile; fileRef = 0050205829F3C7D200D88281 /* HomeViewModel.swift */; };
		0050EAC929F95CA900540AC3 /* AllQuoteVC.swift in Sources */ = {isa = PBXBuildFile; fileRef = 0050EAC829F95CA900540AC3 /* AllQuoteVC.swift */; };
		0068707729D9EA66001330FA /* DateTableViewCell.swift in Sources */ = {isa = PBXBuildFile; fileRef = 0068707629D9EA66001330FA /* DateTableViewCell.swift */; };
		0075C64929F26B62005626F7 /* GoogleService-Info.plist in Resources */ = {isa = PBXBuildFile; fileRef = 0075C64829F26B62005626F7 /* GoogleService-Info.plist */; };
		0099BC9929E1F87C00404D7E /* The Jamsil OTF 6 ExtraBold.otf in Resources */ = {isa = PBXBuildFile; fileRef = 0099BC9829E1F87C00404D7E /* The Jamsil OTF 6 ExtraBold.otf */; };
		00A3AE8C29FD29400013A2BC /* ShowedQuote.swift in Sources */ = {isa = PBXBuildFile; fileRef = 00A3AE8B29FD29400013A2BC /* ShowedQuote.swift */; };
		00A9E97829FFF01F008FB944 /* ReviewCell.swift in Sources */ = {isa = PBXBuildFile; fileRef = 00A9E97729FFF01F008FB944 /* ReviewCell.swift */; };
		00A9E97A29FFF05B008FB944 /* SettingSection.swift in Sources */ = {isa = PBXBuildFile; fileRef = 00A9E97929FFF05B008FB944 /* SettingSection.swift */; };
		00A9E97C2A0042E2008FB944 /* SetTimeVC.swift in Sources */ = {isa = PBXBuildFile; fileRef = 00A9E97B2A0042E2008FB944 /* SetTimeVC.swift */; };
		00ACCBC529E293F3001A45A5 /* ChosunCentennial_otf.otf in Resources */ = {isa = PBXBuildFile; fileRef = 00ACCBC429E293F3001A45A5 /* ChosunCentennial_otf.otf */; };
		00ACCBC729E29555001A45A5 /* Dovemayo_gothic.ttf in Resources */ = {isa = PBXBuildFile; fileRef = 00ACCBC629E29555001A45A5 /* Dovemayo_gothic.ttf */; };
		00AD82A129D56AB200059928 /* ListVC.swift in Sources */ = {isa = PBXBuildFile; fileRef = 00AD82A029D56AB200059928 /* ListVC.swift */; };
		00AD82A329D5721B00059928 /* MainVC.swift in Sources */ = {isa = PBXBuildFile; fileRef = 00AD82A229D5721B00059928 /* MainVC.swift */; };
		00AD82A529D599CD00059928 /* HomeVC.swift in Sources */ = {isa = PBXBuildFile; fileRef = 00AD82A429D599CD00059928 /* HomeVC.swift */; };
		00AD82A729D599E300059928 /* SettingVC.swift in Sources */ = {isa = PBXBuildFile; fileRef = 00AD82A629D599E300059928 /* SettingVC.swift */; };
		00AFA8F729FCF682002B390A /* ChangeTitleTextVC.swift in Sources */ = {isa = PBXBuildFile; fileRef = 00AFA8F629FCF682002B390A /* ChangeTitleTextVC.swift */; };
		00B45C3229CC29740030CD02 /* SignUpVC.swift in Sources */ = {isa = PBXBuildFile; fileRef = 00B45C3129CC29740030CD02 /* SignUpVC.swift */; };
		00BFE7EB29C329F900C279FD /* AppDelegate.swift in Sources */ = {isa = PBXBuildFile; fileRef = 00BFE7EA29C329F900C279FD /* AppDelegate.swift */; };
		00BFE7ED29C329F900C279FD /* SceneDelegate.swift in Sources */ = {isa = PBXBuildFile; fileRef = 00BFE7EC29C329F900C279FD /* SceneDelegate.swift */; };
		00BFE7F429C329FB00C279FD /* Assets.xcassets in Resources */ = {isa = PBXBuildFile; fileRef = 00BFE7F329C329FB00C279FD /* Assets.xcassets */; };
		00BFE7F729C329FB00C279FD /* LaunchScreen.storyboard in Resources */ = {isa = PBXBuildFile; fileRef = 00BFE7F529C329FB00C279FD /* LaunchScreen.storyboard */; };
		00D9A8BA29E319BD004BF6E8 /* KimjungchulMyungjo-Bold.otf in Resources */ = {isa = PBXBuildFile; fileRef = 00D9A8B929E319BC004BF6E8 /* KimjungchulMyungjo-Bold.otf */; };
		00D9A8BC29E321BB004BF6E8 /* AddDateVC.swift in Sources */ = {isa = PBXBuildFile; fileRef = 00D9A8BB29E321BB004BF6E8 /* AddDateVC.swift */; };
		00E29C5829F6A33000404DA0 /* ListViewModel.swift in Sources */ = {isa = PBXBuildFile; fileRef = 00E29C5729F6A33000404DA0 /* ListViewModel.swift */; };
		00E29C5A29F6A57C00404DA0 /* TestModel.swift in Sources */ = {isa = PBXBuildFile; fileRef = 00E29C5929F6A57C00404DA0 /* TestModel.swift */; };
		00E6609629F2E65F00452873 /* LoginViewModel.swift in Sources */ = {isa = PBXBuildFile; fileRef = 00E6609529F2E65F00452873 /* LoginViewModel.swift */; };
		00E6609829F2E6AA00452873 /* User.swift in Sources */ = {isa = PBXBuildFile; fileRef = 00E6609729F2E6AA00452873 /* User.swift */; };
		00E6609B29F2FE0C00452873 /* SignUpViewModel.swift in Sources */ = {isa = PBXBuildFile; fileRef = 00E6609A29F2FE0C00452873 /* SignUpViewModel.swift */; };
		00FECC8E29EA8BB4005DEF5D /* LoginVC.swift in Sources */ = {isa = PBXBuildFile; fileRef = 00BFE7FE29C3377D00C279FD /* LoginVC.swift */; };
		EBC36F95FE7CA283D2DFC41B /* Pods_DateCountApp_snapkit.framework in Frameworks */ = {isa = PBXBuildFile; fileRef = 2B6D9DBFF2BC62EC23BF70C4 /* Pods_DateCountApp_snapkit.framework */; };
/* End PBXBuildFile section */

/* Begin PBXFileReference section */
		000599A529FE371900E8E223 /* SettingViewModel.swift */ = {isa = PBXFileReference; lastKnownFileType = sourcecode.swift; path = SettingViewModel.swift; sourceTree = "<group>"; };
		000599A729FE420C00E8E223 /* SettingCell.swift */ = {isa = PBXFileReference; lastKnownFileType = sourcecode.swift; path = SettingCell.swift; sourceTree = "<group>"; };
		000599A929FE421C00E8E223 /* SupportCell.swift */ = {isa = PBXFileReference; lastKnownFileType = sourcecode.swift; path = SupportCell.swift; sourceTree = "<group>"; };
		0027000B29F71C7E007DF84F /* AddDateViewModel.swift */ = {isa = PBXFileReference; lastKnownFileType = sourcecode.swift; path = AddDateViewModel.swift; sourceTree = "<group>"; };
		00372C9729F98BC7002284E8 /* AllQuoteTableViewCell.swift */ = {isa = PBXFileReference; lastKnownFileType = sourcecode.swift; path = AllQuoteTableViewCell.swift; sourceTree = "<group>"; };
		00372C9929F9914D002284E8 /* AllQuoteViewModel.swift */ = {isa = PBXFileReference; lastKnownFileType = sourcecode.swift; path = AllQuoteViewModel.swift; sourceTree = "<group>"; };
		0050205429F3C78800D88281 /* Quote.swift */ = {isa = PBXFileReference; lastKnownFileType = sourcecode.swift; path = Quote.swift; sourceTree = "<group>"; };
		0050205829F3C7D200D88281 /* HomeViewModel.swift */ = {isa = PBXFileReference; lastKnownFileType = sourcecode.swift; path = HomeViewModel.swift; sourceTree = "<group>"; };
		0050EAC829F95CA900540AC3 /* AllQuoteVC.swift */ = {isa = PBXFileReference; lastKnownFileType = sourcecode.swift; path = AllQuoteVC.swift; sourceTree = "<group>"; };
		0068707629D9EA66001330FA /* DateTableViewCell.swift */ = {isa = PBXFileReference; lastKnownFileType = sourcecode.swift; path = DateTableViewCell.swift; sourceTree = "<group>"; };
		0075C64829F26B62005626F7 /* GoogleService-Info.plist */ = {isa = PBXFileReference; fileEncoding = 4; lastKnownFileType = text.plist.xml; path = "GoogleService-Info.plist"; sourceTree = "<group>"; };
		0099BC9829E1F87C00404D7E /* The Jamsil OTF 6 ExtraBold.otf */ = {isa = PBXFileReference; lastKnownFileType = file; path = "The Jamsil OTF 6 ExtraBold.otf"; sourceTree = "<group>"; };
		00A3AE8B29FD29400013A2BC /* ShowedQuote.swift */ = {isa = PBXFileReference; lastKnownFileType = sourcecode.swift; path = ShowedQuote.swift; sourceTree = "<group>"; };
		00A9E97729FFF01F008FB944 /* ReviewCell.swift */ = {isa = PBXFileReference; lastKnownFileType = sourcecode.swift; path = ReviewCell.swift; sourceTree = "<group>"; };
		00A9E97929FFF05B008FB944 /* SettingSection.swift */ = {isa = PBXFileReference; lastKnownFileType = sourcecode.swift; path = SettingSection.swift; sourceTree = "<group>"; };
		00A9E97B2A0042E2008FB944 /* SetTimeVC.swift */ = {isa = PBXFileReference; lastKnownFileType = sourcecode.swift; path = SetTimeVC.swift; sourceTree = "<group>"; };
		00ACCBC429E293F3001A45A5 /* ChosunCentennial_otf.otf */ = {isa = PBXFileReference; lastKnownFileType = file; path = ChosunCentennial_otf.otf; sourceTree = "<group>"; };
		00ACCBC629E29555001A45A5 /* Dovemayo_gothic.ttf */ = {isa = PBXFileReference; lastKnownFileType = file; path = Dovemayo_gothic.ttf; sourceTree = "<group>"; };
		00AD82A029D56AB200059928 /* ListVC.swift */ = {isa = PBXFileReference; lastKnownFileType = sourcecode.swift; path = ListVC.swift; sourceTree = "<group>"; };
		00AD82A229D5721B00059928 /* MainVC.swift */ = {isa = PBXFileReference; lastKnownFileType = sourcecode.swift; path = MainVC.swift; sourceTree = "<group>"; };
		00AD82A429D599CD00059928 /* HomeVC.swift */ = {isa = PBXFileReference; lastKnownFileType = sourcecode.swift; path = HomeVC.swift; sourceTree = "<group>"; };
		00AD82A629D599E300059928 /* SettingVC.swift */ = {isa = PBXFileReference; lastKnownFileType = sourcecode.swift; path = SettingVC.swift; sourceTree = "<group>"; };
		00AFA8F629FCF682002B390A /* ChangeTitleTextVC.swift */ = {isa = PBXFileReference; lastKnownFileType = sourcecode.swift; path = ChangeTitleTextVC.swift; sourceTree = "<group>"; };
		00B45C3129CC29740030CD02 /* SignUpVC.swift */ = {isa = PBXFileReference; lastKnownFileType = sourcecode.swift; path = SignUpVC.swift; sourceTree = "<group>"; };
		00BFE7E729C329F900C279FD /* DateCountApp_snapkit.app */ = {isa = PBXFileReference; explicitFileType = wrapper.application; includeInIndex = 0; path = DateCountApp_snapkit.app; sourceTree = BUILT_PRODUCTS_DIR; };
		00BFE7EA29C329F900C279FD /* AppDelegate.swift */ = {isa = PBXFileReference; lastKnownFileType = sourcecode.swift; path = AppDelegate.swift; sourceTree = "<group>"; };
		00BFE7EC29C329F900C279FD /* SceneDelegate.swift */ = {isa = PBXFileReference; lastKnownFileType = sourcecode.swift; path = SceneDelegate.swift; sourceTree = "<group>"; };
		00BFE7F329C329FB00C279FD /* Assets.xcassets */ = {isa = PBXFileReference; lastKnownFileType = folder.assetcatalog; path = Assets.xcassets; sourceTree = "<group>"; };
		00BFE7F629C329FB00C279FD /* Base */ = {isa = PBXFileReference; lastKnownFileType = file.storyboard; name = Base; path = Base.lproj/LaunchScreen.storyboard; sourceTree = "<group>"; };
		00BFE7F829C329FB00C279FD /* Info.plist */ = {isa = PBXFileReference; lastKnownFileType = text.plist.xml; path = Info.plist; sourceTree = "<group>"; };
		00BFE7FE29C3377D00C279FD /* LoginVC.swift */ = {isa = PBXFileReference; lastKnownFileType = sourcecode.swift; path = LoginVC.swift; sourceTree = "<group>"; };
		00D9A8B929E319BC004BF6E8 /* KimjungchulMyungjo-Bold.otf */ = {isa = PBXFileReference; lastKnownFileType = file; path = "KimjungchulMyungjo-Bold.otf"; sourceTree = "<group>"; };
		00D9A8BB29E321BB004BF6E8 /* AddDateVC.swift */ = {isa = PBXFileReference; lastKnownFileType = sourcecode.swift; path = AddDateVC.swift; sourceTree = "<group>"; };
		00E29C5729F6A33000404DA0 /* ListViewModel.swift */ = {isa = PBXFileReference; lastKnownFileType = sourcecode.swift; path = ListViewModel.swift; sourceTree = "<group>"; };
		00E29C5929F6A57C00404DA0 /* TestModel.swift */ = {isa = PBXFileReference; lastKnownFileType = sourcecode.swift; path = TestModel.swift; sourceTree = "<group>"; };
		00E6609529F2E65F00452873 /* LoginViewModel.swift */ = {isa = PBXFileReference; lastKnownFileType = sourcecode.swift; path = LoginViewModel.swift; sourceTree = "<group>"; };
		00E6609729F2E6AA00452873 /* User.swift */ = {isa = PBXFileReference; lastKnownFileType = sourcecode.swift; path = User.swift; sourceTree = "<group>"; };
		00E6609A29F2FE0C00452873 /* SignUpViewModel.swift */ = {isa = PBXFileReference; lastKnownFileType = sourcecode.swift; path = SignUpViewModel.swift; sourceTree = "<group>"; };
		2B6D9DBFF2BC62EC23BF70C4 /* Pods_DateCountApp_snapkit.framework */ = {isa = PBXFileReference; explicitFileType = wrapper.framework; includeInIndex = 0; path = Pods_DateCountApp_snapkit.framework; sourceTree = BUILT_PRODUCTS_DIR; };
		424D34E012A4A6681755AEBA /* Pods-DateCountApp_snapkit.release.xcconfig */ = {isa = PBXFileReference; includeInIndex = 1; lastKnownFileType = text.xcconfig; name = "Pods-DateCountApp_snapkit.release.xcconfig"; path = "Target Support Files/Pods-DateCountApp_snapkit/Pods-DateCountApp_snapkit.release.xcconfig"; sourceTree = "<group>"; };
		935F32D6BEBBF1875EE85A7C /* Pods-DateCountApp_snapkit.debug.xcconfig */ = {isa = PBXFileReference; includeInIndex = 1; lastKnownFileType = text.xcconfig; name = "Pods-DateCountApp_snapkit.debug.xcconfig"; path = "Target Support Files/Pods-DateCountApp_snapkit/Pods-DateCountApp_snapkit.debug.xcconfig"; sourceTree = "<group>"; };
/* End PBXFileReference section */

/* Begin PBXFrameworksBuildPhase section */
		00BFE7E429C329F900C279FD /* Frameworks */ = {
			isa = PBXFrameworksBuildPhase;
			buildActionMask = 2147483647;
			files = (
				EBC36F95FE7CA283D2DFC41B /* Pods_DateCountApp_snapkit.framework in Frameworks */,
			);
			runOnlyForDeploymentPostprocessing = 0;
		};
/* End PBXFrameworksBuildPhase section */

/* Begin PBXGroup section */
		0099BC9529E1F73B00404D7E /* Font */ = {
			isa = PBXGroup;
			children = (
				00D9A8B929E319BC004BF6E8 /* KimjungchulMyungjo-Bold.otf */,
				00ACCBC629E29555001A45A5 /* Dovemayo_gothic.ttf */,
				00ACCBC429E293F3001A45A5 /* ChosunCentennial_otf.otf */,
				0099BC9829E1F87C00404D7E /* The Jamsil OTF 6 ExtraBold.otf */,
			);
			path = Font;
			sourceTree = "<group>";
		};
		00A9E97629FFEFDD008FB944 /* CustomCell */ = {
			isa = PBXGroup;
			children = (
				00372C9729F98BC7002284E8 /* AllQuoteTableViewCell.swift */,
				0068707629D9EA66001330FA /* DateTableViewCell.swift */,
				000599A729FE420C00E8E223 /* SettingCell.swift */,
				00A9E97729FFF01F008FB944 /* ReviewCell.swift */,
				000599A929FE421C00E8E223 /* SupportCell.swift */,
			);
			path = CustomCell;
			sourceTree = "<group>";
		};
		00BFE7DE29C329F900C279FD = {
			isa = PBXGroup;
			children = (
				0099BC9529E1F73B00404D7E /* Font */,
				00BFE7E929C329F900C279FD /* DateCountApp_snapkit */,
				00BFE7E829C329F900C279FD /* Products */,
				CA9DFF90518913B6BC8E2396 /* Pods */,
				F4198569EBC3E578C1CAB35D /* Frameworks */,
			);
			sourceTree = "<group>";
		};
		00BFE7E829C329F900C279FD /* Products */ = {
			isa = PBXGroup;
			children = (
				00BFE7E729C329F900C279FD /* DateCountApp_snapkit.app */,
			);
			name = Products;
			sourceTree = "<group>";
		};
		00BFE7E929C329F900C279FD /* DateCountApp_snapkit */ = {
			isa = PBXGroup;
			children = (
				00A9E97629FFEFDD008FB944 /* CustomCell */,
				00E6609929F2FBFC00452873 /* ViewController */,
				00E6609429F2E64A00452873 /* ViewModel */,
				00E6609329F2E61100452873 /* Model */,
				0075C64829F26B62005626F7 /* GoogleService-Info.plist */,
				00BFE7EA29C329F900C279FD /* AppDelegate.swift */,
				00BFE7EC29C329F900C279FD /* SceneDelegate.swift */,
				00BFE7F329C329FB00C279FD /* Assets.xcassets */,
				00BFE7F529C329FB00C279FD /* LaunchScreen.storyboard */,
				00BFE7F829C329FB00C279FD /* Info.plist */,
			);
			path = DateCountApp_snapkit;
			sourceTree = "<group>";
		};
		00E6609329F2E61100452873 /* Model */ = {
			isa = PBXGroup;
			children = (
				00E6609729F2E6AA00452873 /* User.swift */,
				0050205429F3C78800D88281 /* Quote.swift */,
				00E29C5929F6A57C00404DA0 /* TestModel.swift */,
				00A3AE8B29FD29400013A2BC /* ShowedQuote.swift */,
				00A9E97929FFF05B008FB944 /* SettingSection.swift */,
			);
			path = Model;
			sourceTree = "<group>";
		};
		00E6609429F2E64A00452873 /* ViewModel */ = {
			isa = PBXGroup;
			children = (
				00E6609529F2E65F00452873 /* LoginViewModel.swift */,
				00E6609A29F2FE0C00452873 /* SignUpViewModel.swift */,
				0050205829F3C7D200D88281 /* HomeViewModel.swift */,
				00E29C5729F6A33000404DA0 /* ListViewModel.swift */,
				0027000B29F71C7E007DF84F /* AddDateViewModel.swift */,
				00372C9929F9914D002284E8 /* AllQuoteViewModel.swift */,
				000599A529FE371900E8E223 /* SettingViewModel.swift */,
			);
			path = ViewModel;
			sourceTree = "<group>";
		};
		00E6609929F2FBFC00452873 /* ViewController */ = {
			isa = PBXGroup;
			children = (
				00AD82A629D599E300059928 /* SettingVC.swift */,
				00AD82A229D5721B00059928 /* MainVC.swift */,
				00AD82A029D56AB200059928 /* ListVC.swift */,
				00D9A8BB29E321BB004BF6E8 /* AddDateVC.swift */,
				00AD82A429D599CD00059928 /* HomeVC.swift */,
				00B45C3129CC29740030CD02 /* SignUpVC.swift */,
				00BFE7FE29C3377D00C279FD /* LoginVC.swift */,
				0050EAC829F95CA900540AC3 /* AllQuoteVC.swift */,
				00AFA8F629FCF682002B390A /* ChangeTitleTextVC.swift */,
				00A9E97B2A0042E2008FB944 /* SetTimeVC.swift */,
			);
			path = ViewController;
			sourceTree = "<group>";
		};
		CA9DFF90518913B6BC8E2396 /* Pods */ = {
			isa = PBXGroup;
			children = (
				935F32D6BEBBF1875EE85A7C /* Pods-DateCountApp_snapkit.debug.xcconfig */,
				424D34E012A4A6681755AEBA /* Pods-DateCountApp_snapkit.release.xcconfig */,
			);
			path = Pods;
			sourceTree = "<group>";
		};
		F4198569EBC3E578C1CAB35D /* Frameworks */ = {
			isa = PBXGroup;
			children = (
				2B6D9DBFF2BC62EC23BF70C4 /* Pods_DateCountApp_snapkit.framework */,
			);
			name = Frameworks;
			sourceTree = "<group>";
		};
/* End PBXGroup section */

/* Begin PBXNativeTarget section */
		00BFE7E629C329F900C279FD /* DateCountApp_snapkit */ = {
			isa = PBXNativeTarget;
			buildConfigurationList = 00BFE7FB29C329FB00C279FD /* Build configuration list for PBXNativeTarget "DateCountApp_snapkit" */;
			buildPhases = (
				5A9DD6F56BC225A1CB36FEE4 /* [CP] Check Pods Manifest.lock */,
				00BFE7E329C329F900C279FD /* Sources */,
				00BFE7E429C329F900C279FD /* Frameworks */,
				00BFE7E529C329F900C279FD /* Resources */,
				F671773EAB3125B00A149DDD /* [CP] Embed Pods Frameworks */,
			);
			buildRules = (
			);
			dependencies = (
			);
			name = DateCountApp_snapkit;
			productName = DateCountApp_snapkit;
			productReference = 00BFE7E729C329F900C279FD /* DateCountApp_snapkit.app */;
			productType = "com.apple.product-type.application";
		};
/* End PBXNativeTarget section */

/* Begin PBXProject section */
		00BFE7DF29C329F900C279FD /* Project object */ = {
			isa = PBXProject;
			attributes = {
				BuildIndependentTargetsInParallel = 1;
				LastSwiftUpdateCheck = 1420;
				LastUpgradeCheck = 1420;
				TargetAttributes = {
					00BFE7E629C329F900C279FD = {
						CreatedOnToolsVersion = 14.2;
					};
				};
			};
			buildConfigurationList = 00BFE7E229C329F900C279FD /* Build configuration list for PBXProject "DateCountApp_snapkit" */;
			compatibilityVersion = "Xcode 14.0";
			developmentRegion = en;
			hasScannedForEncodings = 0;
			knownRegions = (
				en,
				Base,
			);
			mainGroup = 00BFE7DE29C329F900C279FD;
			productRefGroup = 00BFE7E829C329F900C279FD /* Products */;
			projectDirPath = "";
			projectRoot = "";
			targets = (
				00BFE7E629C329F900C279FD /* DateCountApp_snapkit */,
			);
		};
/* End PBXProject section */

/* Begin PBXResourcesBuildPhase section */
		00BFE7E529C329F900C279FD /* Resources */ = {
			isa = PBXResourcesBuildPhase;
			buildActionMask = 2147483647;
			files = (
				00BFE7F729C329FB00C279FD /* LaunchScreen.storyboard in Resources */,
				0075C64929F26B62005626F7 /* GoogleService-Info.plist in Resources */,
				0099BC9929E1F87C00404D7E /* The Jamsil OTF 6 ExtraBold.otf in Resources */,
				00BFE7F429C329FB00C279FD /* Assets.xcassets in Resources */,
				00ACCBC529E293F3001A45A5 /* ChosunCentennial_otf.otf in Resources */,
				00D9A8BA29E319BD004BF6E8 /* KimjungchulMyungjo-Bold.otf in Resources */,
				00ACCBC729E29555001A45A5 /* Dovemayo_gothic.ttf in Resources */,
			);
			runOnlyForDeploymentPostprocessing = 0;
		};
/* End PBXResourcesBuildPhase section */

/* Begin PBXShellScriptBuildPhase section */
		5A9DD6F56BC225A1CB36FEE4 /* [CP] Check Pods Manifest.lock */ = {
			isa = PBXShellScriptBuildPhase;
			buildActionMask = 2147483647;
			files = (
			);
			inputFileListPaths = (
			);
			inputPaths = (
				"${PODS_PODFILE_DIR_PATH}/Podfile.lock",
				"${PODS_ROOT}/Manifest.lock",
			);
			name = "[CP] Check Pods Manifest.lock";
			outputFileListPaths = (
			);
			outputPaths = (
				"$(DERIVED_FILE_DIR)/Pods-DateCountApp_snapkit-checkManifestLockResult.txt",
			);
			runOnlyForDeploymentPostprocessing = 0;
			shellPath = /bin/sh;
			shellScript = "diff \"${PODS_PODFILE_DIR_PATH}/Podfile.lock\" \"${PODS_ROOT}/Manifest.lock\" > /dev/null\nif [ $? != 0 ] ; then\n    # print error to STDERR\n    echo \"error: The sandbox is not in sync with the Podfile.lock. Run 'pod install' or update your CocoaPods installation.\" >&2\n    exit 1\nfi\n# This output is used by Xcode 'outputs' to avoid re-running this script phase.\necho \"SUCCESS\" > \"${SCRIPT_OUTPUT_FILE_0}\"\n";
			showEnvVarsInLog = 0;
		};
		F671773EAB3125B00A149DDD /* [CP] Embed Pods Frameworks */ = {
			isa = PBXShellScriptBuildPhase;
			buildActionMask = 2147483647;
			files = (
			);
			inputFileListPaths = (
				"${PODS_ROOT}/Target Support Files/Pods-DateCountApp_snapkit/Pods-DateCountApp_snapkit-frameworks-${CONFIGURATION}-input-files.xcfilelist",
			);
			name = "[CP] Embed Pods Frameworks";
			outputFileListPaths = (
				"${PODS_ROOT}/Target Support Files/Pods-DateCountApp_snapkit/Pods-DateCountApp_snapkit-frameworks-${CONFIGURATION}-output-files.xcfilelist",
			);
			runOnlyForDeploymentPostprocessing = 0;
			shellPath = /bin/sh;
			shellScript = "\"${PODS_ROOT}/Target Support Files/Pods-DateCountApp_snapkit/Pods-DateCountApp_snapkit-frameworks.sh\"\n";
			showEnvVarsInLog = 0;
		};
/* End PBXShellScriptBuildPhase section */

/* Begin PBXSourcesBuildPhase section */
		00BFE7E329C329F900C279FD /* Sources */ = {
			isa = PBXSourcesBuildPhase;
			buildActionMask = 2147483647;
			files = (
				00E29C5829F6A33000404DA0 /* ListViewModel.swift in Sources */,
				00E6609B29F2FE0C00452873 /* SignUpViewModel.swift in Sources */,
				00AD82A729D599E300059928 /* SettingVC.swift in Sources */,
				00372C9A29F9914D002284E8 /* AllQuoteViewModel.swift in Sources */,
				00A9E97829FFF01F008FB944 /* ReviewCell.swift in Sources */,
				00E29C5A29F6A57C00404DA0 /* TestModel.swift in Sources */,
				00372C9829F98BC7002284E8 /* AllQuoteTableViewCell.swift in Sources */,
				00AFA8F729FCF682002B390A /* ChangeTitleTextVC.swift in Sources */,
				00A3AE8C29FD29400013A2BC /* ShowedQuote.swift in Sources */,
				00BFE7EB29C329F900C279FD /* AppDelegate.swift in Sources */,
				00AD82A329D5721B00059928 /* MainVC.swift in Sources */,
				00E6609829F2E6AA00452873 /* User.swift in Sources */,
				0050EAC929F95CA900540AC3 /* AllQuoteVC.swift in Sources */,
				0068707729D9EA66001330FA /* DateTableViewCell.swift in Sources */,
				00AD82A529D599CD00059928 /* HomeVC.swift in Sources */,
				00E6609629F2E65F00452873 /* LoginViewModel.swift in Sources */,
				0050205529F3C78800D88281 /* Quote.swift in Sources */,
				00AD82A129D56AB200059928 /* ListVC.swift in Sources */,
				000599AA29FE421C00E8E223 /* SupportCell.swift in Sources */,
				00FECC8E29EA8BB4005DEF5D /* LoginVC.swift in Sources */,
				00A9E97C2A0042E2008FB944 /* SetTimeVC.swift in Sources */,
				000599A829FE420C00E8E223 /* SettingCell.swift in Sources */,
				0027000C29F71C7E007DF84F /* AddDateViewModel.swift in Sources */,
				00A9E97A29FFF05B008FB944 /* SettingSection.swift in Sources */,
				000599A629FE371900E8E223 /* SettingViewModel.swift in Sources */,
				0050205929F3C7D200D88281 /* HomeViewModel.swift in Sources */,
				00D9A8BC29E321BB004BF6E8 /* AddDateVC.swift in Sources */,
				00B45C3229CC29740030CD02 /* SignUpVC.swift in Sources */,
				00BFE7ED29C329F900C279FD /* SceneDelegate.swift in Sources */,
			);
			runOnlyForDeploymentPostprocessing = 0;
		};
/* End PBXSourcesBuildPhase section */

/* Begin PBXVariantGroup section */
		00BFE7F529C329FB00C279FD /* LaunchScreen.storyboard */ = {
			isa = PBXVariantGroup;
			children = (
				00BFE7F629C329FB00C279FD /* Base */,
			);
			name = LaunchScreen.storyboard;
			sourceTree = "<group>";
		};
/* End PBXVariantGroup section */

/* Begin XCBuildConfiguration section */
		00BFE7F929C329FB00C279FD /* Debug */ = {
			isa = XCBuildConfiguration;
			buildSettings = {
				ALWAYS_SEARCH_USER_PATHS = NO;
				CLANG_ANALYZER_NONNULL = YES;
				CLANG_ANALYZER_NUMBER_OBJECT_CONVERSION = YES_AGGRESSIVE;
				CLANG_CXX_LANGUAGE_STANDARD = "gnu++20";
				CLANG_ENABLE_MODULES = YES;
				CLANG_ENABLE_OBJC_ARC = YES;
				CLANG_ENABLE_OBJC_WEAK = YES;
				CLANG_WARN_BLOCK_CAPTURE_AUTORELEASING = YES;
				CLANG_WARN_BOOL_CONVERSION = YES;
				CLANG_WARN_COMMA = YES;
				CLANG_WARN_CONSTANT_CONVERSION = YES;
				CLANG_WARN_DEPRECATED_OBJC_IMPLEMENTATIONS = YES;
				CLANG_WARN_DIRECT_OBJC_ISA_USAGE = YES_ERROR;
				CLANG_WARN_DOCUMENTATION_COMMENTS = YES;
				CLANG_WARN_EMPTY_BODY = YES;
				CLANG_WARN_ENUM_CONVERSION = YES;
				CLANG_WARN_INFINITE_RECURSION = YES;
				CLANG_WARN_INT_CONVERSION = YES;
				CLANG_WARN_NON_LITERAL_NULL_CONVERSION = YES;
				CLANG_WARN_OBJC_IMPLICIT_RETAIN_SELF = YES;
				CLANG_WARN_OBJC_LITERAL_CONVERSION = YES;
				CLANG_WARN_OBJC_ROOT_CLASS = YES_ERROR;
				CLANG_WARN_QUOTED_INCLUDE_IN_FRAMEWORK_HEADER = YES;
				CLANG_WARN_RANGE_LOOP_ANALYSIS = YES;
				CLANG_WARN_STRICT_PROTOTYPES = YES;
				CLANG_WARN_SUSPICIOUS_MOVE = YES;
				CLANG_WARN_UNGUARDED_AVAILABILITY = YES_AGGRESSIVE;
				CLANG_WARN_UNREACHABLE_CODE = YES;
				CLANG_WARN__DUPLICATE_METHOD_MATCH = YES;
				COPY_PHASE_STRIP = NO;
				DEBUG_INFORMATION_FORMAT = dwarf;
				ENABLE_STRICT_OBJC_MSGSEND = YES;
				ENABLE_TESTABILITY = YES;
				GCC_C_LANGUAGE_STANDARD = gnu11;
				GCC_DYNAMIC_NO_PIC = NO;
				GCC_NO_COMMON_BLOCKS = YES;
				GCC_OPTIMIZATION_LEVEL = 0;
				GCC_PREPROCESSOR_DEFINITIONS = (
					"DEBUG=1",
					"$(inherited)",
				);
				GCC_WARN_64_TO_32_BIT_CONVERSION = YES;
				GCC_WARN_ABOUT_RETURN_TYPE = YES_ERROR;
				GCC_WARN_UNDECLARED_SELECTOR = YES;
				GCC_WARN_UNINITIALIZED_AUTOS = YES_AGGRESSIVE;
				GCC_WARN_UNUSED_FUNCTION = YES;
				GCC_WARN_UNUSED_VARIABLE = YES;
				INFOPLIST_KEY_CFBundleDisplayName = "시험공부자극";
				IPHONEOS_DEPLOYMENT_TARGET = 14.0;
				MTL_ENABLE_DEBUG_INFO = INCLUDE_SOURCE;
				MTL_FAST_MATH = YES;
				ONLY_ACTIVE_ARCH = YES;
				SDKROOT = iphoneos;
				SWIFT_ACTIVE_COMPILATION_CONDITIONS = DEBUG;
				SWIFT_OPTIMIZATION_LEVEL = "-Onone";
			};
			name = Debug;
		};
		00BFE7FA29C329FB00C279FD /* Release */ = {
			isa = XCBuildConfiguration;
			buildSettings = {
				ALWAYS_SEARCH_USER_PATHS = NO;
				CLANG_ANALYZER_NONNULL = YES;
				CLANG_ANALYZER_NUMBER_OBJECT_CONVERSION = YES_AGGRESSIVE;
				CLANG_CXX_LANGUAGE_STANDARD = "gnu++20";
				CLANG_ENABLE_MODULES = YES;
				CLANG_ENABLE_OBJC_ARC = YES;
				CLANG_ENABLE_OBJC_WEAK = YES;
				CLANG_WARN_BLOCK_CAPTURE_AUTORELEASING = YES;
				CLANG_WARN_BOOL_CONVERSION = YES;
				CLANG_WARN_COMMA = YES;
				CLANG_WARN_CONSTANT_CONVERSION = YES;
				CLANG_WARN_DEPRECATED_OBJC_IMPLEMENTATIONS = YES;
				CLANG_WARN_DIRECT_OBJC_ISA_USAGE = YES_ERROR;
				CLANG_WARN_DOCUMENTATION_COMMENTS = YES;
				CLANG_WARN_EMPTY_BODY = YES;
				CLANG_WARN_ENUM_CONVERSION = YES;
				CLANG_WARN_INFINITE_RECURSION = YES;
				CLANG_WARN_INT_CONVERSION = YES;
				CLANG_WARN_NON_LITERAL_NULL_CONVERSION = YES;
				CLANG_WARN_OBJC_IMPLICIT_RETAIN_SELF = YES;
				CLANG_WARN_OBJC_LITERAL_CONVERSION = YES;
				CLANG_WARN_OBJC_ROOT_CLASS = YES_ERROR;
				CLANG_WARN_QUOTED_INCLUDE_IN_FRAMEWORK_HEADER = YES;
				CLANG_WARN_RANGE_LOOP_ANALYSIS = YES;
				CLANG_WARN_STRICT_PROTOTYPES = YES;
				CLANG_WARN_SUSPICIOUS_MOVE = YES;
				CLANG_WARN_UNGUARDED_AVAILABILITY = YES_AGGRESSIVE;
				CLANG_WARN_UNREACHABLE_CODE = YES;
				CLANG_WARN__DUPLICATE_METHOD_MATCH = YES;
				COPY_PHASE_STRIP = NO;
				DEBUG_INFORMATION_FORMAT = "dwarf-with-dsym";
				ENABLE_NS_ASSERTIONS = NO;
				ENABLE_STRICT_OBJC_MSGSEND = YES;
				GCC_C_LANGUAGE_STANDARD = gnu11;
				GCC_NO_COMMON_BLOCKS = YES;
				GCC_WARN_64_TO_32_BIT_CONVERSION = YES;
				GCC_WARN_ABOUT_RETURN_TYPE = YES_ERROR;
				GCC_WARN_UNDECLARED_SELECTOR = YES;
				GCC_WARN_UNINITIALIZED_AUTOS = YES_AGGRESSIVE;
				GCC_WARN_UNUSED_FUNCTION = YES;
				GCC_WARN_UNUSED_VARIABLE = YES;
				INFOPLIST_KEY_CFBundleDisplayName = "시험공부자극";
				IPHONEOS_DEPLOYMENT_TARGET = 14.0;
				MTL_ENABLE_DEBUG_INFO = NO;
				MTL_FAST_MATH = YES;
				SDKROOT = iphoneos;
				SWIFT_COMPILATION_MODE = wholemodule;
				SWIFT_OPTIMIZATION_LEVEL = "-O";
				VALIDATE_PRODUCT = YES;
			};
			name = Release;
		};
		00BFE7FC29C329FB00C279FD /* Debug */ = {
			isa = XCBuildConfiguration;
			baseConfigurationReference = 935F32D6BEBBF1875EE85A7C /* Pods-DateCountApp_snapkit.debug.xcconfig */;
			buildSettings = {
				ASSETCATALOG_COMPILER_APPICON_NAME = AppIcon;
				ASSETCATALOG_COMPILER_GLOBAL_ACCENT_COLOR_NAME = AccentColor;
				CODE_SIGN_STYLE = Automatic;
				CURRENT_PROJECT_VERSION = 1;
				DEVELOPMENT_TEAM = 56F34CN49K;
				GENERATE_INFOPLIST_FILE = YES;
				INFOPLIST_FILE = DateCountApp_snapkit/Info.plist;
				INFOPLIST_KEY_UIApplicationSupportsIndirectInputEvents = YES;
				INFOPLIST_KEY_UILaunchStoryboardName = LaunchScreen;
				INFOPLIST_KEY_UISupportedInterfaceOrientations_iPad = "UIInterfaceOrientationPortrait UIInterfaceOrientationPortraitUpsideDown UIInterfaceOrientationLandscapeLeft UIInterfaceOrientationLandscapeRight";
				INFOPLIST_KEY_UISupportedInterfaceOrientations_iPhone = "UIInterfaceOrientationPortrait UIInterfaceOrientationLandscapeLeft UIInterfaceOrientationLandscapeRight";
				IPHONEOS_DEPLOYMENT_TARGET = 14.0;
				LD_RUNPATH_SEARCH_PATHS = (
					"$(inherited)",
					"@executable_path/Frameworks",
				);
				MARKETING_VERSION = 1.0;
				PRODUCT_BUNDLE_IDENTIFIER = "com.DateCountApp-snapkit";
				PRODUCT_NAME = "$(TARGET_NAME)";
				SWIFT_EMIT_LOC_STRINGS = YES;
				SWIFT_VERSION = 5.0;
				TARGETED_DEVICE_FAMILY = "1,2";
			};
			name = Debug;
		};
		00BFE7FD29C329FB00C279FD /* Release */ = {
			isa = XCBuildConfiguration;
			baseConfigurationReference = 424D34E012A4A6681755AEBA /* Pods-DateCountApp_snapkit.release.xcconfig */;
			buildSettings = {
				ASSETCATALOG_COMPILER_APPICON_NAME = AppIcon;
				ASSETCATALOG_COMPILER_GLOBAL_ACCENT_COLOR_NAME = AccentColor;
				CODE_SIGN_STYLE = Automatic;
				CURRENT_PROJECT_VERSION = 1;
				DEVELOPMENT_TEAM = 56F34CN49K;
				GENERATE_INFOPLIST_FILE = YES;
				INFOPLIST_FILE = DateCountApp_snapkit/Info.plist;
				INFOPLIST_KEY_UIApplicationSupportsIndirectInputEvents = YES;
				INFOPLIST_KEY_UILaunchStoryboardName = LaunchScreen;
				INFOPLIST_KEY_UISupportedInterfaceOrientations_iPad = "UIInterfaceOrientationPortrait UIInterfaceOrientationPortraitUpsideDown UIInterfaceOrientationLandscapeLeft UIInterfaceOrientationLandscapeRight";
				INFOPLIST_KEY_UISupportedInterfaceOrientations_iPhone = "UIInterfaceOrientationPortrait UIInterfaceOrientationLandscapeLeft UIInterfaceOrientationLandscapeRight";
				IPHONEOS_DEPLOYMENT_TARGET = 14.0;
				LD_RUNPATH_SEARCH_PATHS = (
					"$(inherited)",
					"@executable_path/Frameworks",
				);
				MARKETING_VERSION = 1.0;
				PRODUCT_BUNDLE_IDENTIFIER = "com.DateCountApp-snapkit";
				PRODUCT_NAME = "$(TARGET_NAME)";
				SWIFT_EMIT_LOC_STRINGS = YES;
				SWIFT_VERSION = 5.0;
				TARGETED_DEVICE_FAMILY = "1,2";
			};
			name = Release;
		};
/* End XCBuildConfiguration section */

/* Begin XCConfigurationList section */
		00BFE7E229C329F900C279FD /* Build configuration list for PBXProject "DateCountApp_snapkit" */ = {
			isa = XCConfigurationList;
			buildConfigurations = (
				00BFE7F929C329FB00C279FD /* Debug */,
				00BFE7FA29C329FB00C279FD /* Release */,
			);
			defaultConfigurationIsVisible = 0;
			defaultConfigurationName = Release;
		};
		00BFE7FB29C329FB00C279FD /* Build configuration list for PBXNativeTarget "DateCountApp_snapkit" */ = {
			isa = XCConfigurationList;
			buildConfigurations = (
				00BFE7FC29C329FB00C279FD /* Debug */,
				00BFE7FD29C329FB00C279FD /* Release */,
			);
			defaultConfigurationIsVisible = 0;
			defaultConfigurationName = Release;
		};
/* End XCConfigurationList section */
	};
	rootObject = 00BFE7DF29C329F900C279FD /* Project object */;
}
